
Microsoft Visual Studio Solution File, Format Version 12.00
# Visual Studio Version 17
VisualStudioVersion = 17.3.32929.385
MinimumVisualStudioVersion = 10.0.40219.1
Project("{FAE04EC0-301F-11D3-BF4B-00C04F79EFBC}") = "ModalWindow", "ModalWindow\ModalWindow.csproj", "{996B9718-7475-47EE-9658-9BE491B16906}"
EndProject
Project("{FAE04EC0-301F-11D3-BF4B-00C04F79EFBC}") = "CSharpLearningApp", "CSharpLearningApp\CSharpLearningApp.csproj", "{B52C056E-7B53-47D3-90B1-9F9B5825AC53}"
EndProject
Global
	GlobalSection(SolutionConfigurationPlatforms) = preSolution
		Debug|Any CPU = Debug|Any CPU
		Release|Any CPU = Release|Any CPU
	EndGlobalSection
	GlobalSection(ProjectConfigurationPlatforms) = postSolution
		{996B9718-7475-47EE-9658-9BE491B16906}.Debug|Any CPU.ActiveCfg = Debug|Any CPU
		{996B9718-7475-47EE-9658-9BE491B16906}.Debug|Any CPU.Build.0 = Debug|Any CPU
		{996B9718-7475-47EE-9658-9BE491B16906}.Release|Any CPU.ActiveCfg = Release|Any CPU
		{996B9718-7475-47EE-9658-9BE491B16906}.Release|Any CPU.Build.0 = Release|Any CPU
		{B52C056E-7B53-47D3-90B1-9F9B5825AC53}.Debug|Any CPU.ActiveCfg = Debug|Any CPU
		{B52C056E-7B53-47D3-90B1-9F9B5825AC53}.Debug|Any CPU.Build.0 = Debug|Any CPU
		{B52C056E-7B53-47D3-90B1-9F9B5825AC53}.Release|Any CPU.ActiveCfg = Release|Any CPU
		{B52C056E-7B53-47D3-90B1-9F9B5825AC53}.Release|Any CPU.Build.0 = Release|Any CPU
	EndGlobalSection
	GlobalSection(SolutionProperties) = preSolution
		HideSolutionNode = FALSE
	EndGlobalSection
	GlobalSection(ExtensibilityGlobals) = postSolution
		SolutionGuid = {D5FBC42B-D223-43D8-BEB0-E04A38534928}
	EndGlobalSection
EndGlobal
